{
  "nodes": {
    "nixpkgs": {
      "locked": {
        "lastModified": 1669507072,
        "narHash": "sha256-RQAHgHM7wfgUTWbEjb8Ki43tQUUcwIg1Ra+PNustAVI=",
        "owner": "NixOS",
        "repo": "nixpkgs",
        "rev": "9e6b054555c9b10310543cd213ce7c70bb0cbc5f",
        "type": "github"
      },
      "original": {
        "owner": "NixOS",
        "ref": "nixpkgs-unstable",
        "repo": "nixpkgs",
        "type": "github"
      }
    },
    "root": {
      "inputs": {
        "nixpkgs": "nixpkgs"
      }
    }
  },
  "root": "root",
  "version": 7
}
